
Microsoft Visual Studio Solution File, Format Version 12.00
Project("{FAE04EC0-301F-11D3-BF4B-00C04F79EFBC}") = "CSharp-Entity-Framework", "CSharp-Entity-Framework\CSharp-Entity-Framework.csproj", "{9B36C152-4B64-4C34-A524-65B30F7A3883}"
EndProject
Global
	GlobalSection(SolutionConfigurationPlatforms) = preSolution
		Debug|Any CPU = Debug|Any CPU
		Release|Any CPU = Release|Any CPU
	EndGlobalSection
	GlobalSection(ProjectConfigurationPlatforms) = postSolution
		{9B36C152-4B64-4C34-A524-65B30F7A3883}.Debug|Any CPU.ActiveCfg = Debug|Any CPU
		{9B36C152-4B64-4C34-A524-65B30F7A3883}.Debug|Any CPU.Build.0 = Debug|Any CPU
		{9B36C152-4B64-4C34-A524-65B30F7A3883}.Release|Any CPU.ActiveCfg = Release|Any CPU
		{9B36C152-4B64-4C34-A524-65B30F7A3883}.Release|Any CPU.Build.0 = Release|Any CPU
	EndGlobalSection
EndGlobal
